// !$*UTF8*$!
{
	archiveVersion = 1;
	classes = {
	};
	objectVersion = 56;
	objects = {

/* Begin PBXBuildFile section */
		6D3FE0CC5AC14EDD317F60F9 /* Pods_Messanger.framework in Frameworks */ = {isa = PBXBuildFile; fileRef = 8A777416949F2380D72A0826 /* Pods_Messanger.framework */; };
		8405C2472B97E43C00BEB84D /* Notifications.swift in Sources */ = {isa = PBXBuildFile; fileRef = 8405C2462B97E43C00BEB84D /* Notifications.swift */; };
		8405C24D2B97EA5200BEB84D /* GoogleService-Info.plist in Resources */ = {isa = PBXBuildFile; fileRef = 8405C24C2B97EA5200BEB84D /* GoogleService-Info.plist */; };
		8405C24F2BA508E600BEB84D /* LoginNetworkService.swift in Sources */ = {isa = PBXBuildFile; fileRef = 8405C24E2BA508E600BEB84D /* LoginNetworkService.swift */; };
		8405C2512BA508F700BEB84D /* RegisterNetworkService.swift in Sources */ = {isa = PBXBuildFile; fileRef = 8405C2502BA508F700BEB84D /* RegisterNetworkService.swift */; };
		8405C2532BA6799900BEB84D /* ChatsTableViewCell.swift in Sources */ = {isa = PBXBuildFile; fileRef = 8405C2522BA6799900BEB84D /* ChatsTableViewCell.swift */; };
		8405C2562BA67A9D00BEB84D /* ChatViewController.swift in Sources */ = {isa = PBXBuildFile; fileRef = 8405C2552BA67A9D00BEB84D /* ChatViewController.swift */; };
		8405C2582BA67CE200BEB84D /* Chat.swift in Sources */ = {isa = PBXBuildFile; fileRef = 8405C2572BA67CE200BEB84D /* Chat.swift */; };
		8476226A2B7A14A70025526A /* Colors.swift in Sources */ = {isa = PBXBuildFile; fileRef = 847622692B7A14A70025526A /* Colors.swift */; };
		8476226D2B7A17DB0025526A /* RegisterViewController.swift in Sources */ = {isa = PBXBuildFile; fileRef = 8476226C2B7A17DB0025526A /* RegisterViewController.swift */; };
		8476226F2B7A17F80025526A /* RegisterView.swift in Sources */ = {isa = PBXBuildFile; fileRef = 8476226E2B7A17F80025526A /* RegisterView.swift */; };
		84EFDC3C2B6C11230086D86D /* AppDelegate.swift in Sources */ = {isa = PBXBuildFile; fileRef = 84EFDC3B2B6C11230086D86D /* AppDelegate.swift */; };
		84EFDC3E2B6C11230086D86D /* SceneDelegate.swift in Sources */ = {isa = PBXBuildFile; fileRef = 84EFDC3D2B6C11230086D86D /* SceneDelegate.swift */; };
		84EFDC452B6C11240086D86D /* Assets.xcassets in Resources */ = {isa = PBXBuildFile; fileRef = 84EFDC442B6C11240086D86D /* Assets.xcassets */; };
		84EFDC482B6C11240086D86D /* LaunchScreen.storyboard in Resources */ = {isa = PBXBuildFile; fileRef = 84EFDC462B6C11240086D86D /* LaunchScreen.storyboard */; };
		84EFDC502B6C13260086D86D /* ChatsListViewController.swift in Sources */ = {isa = PBXBuildFile; fileRef = 84EFDC4F2B6C13260086D86D /* ChatsListViewController.swift */; };
		84EFDC542B6C14510086D86D /* ProfileViewController.swift in Sources */ = {isa = PBXBuildFile; fileRef = 84EFDC532B6C14510086D86D /* ProfileViewController.swift */; };
		84EFDC562B6C148E0086D86D /* MainTabBarController.swift in Sources */ = {isa = PBXBuildFile; fileRef = 84EFDC552B6C148E0086D86D /* MainTabBarController.swift */; };
		84EFDC592B6C16830086D86D /* LoginViewController.swift in Sources */ = {isa = PBXBuildFile; fileRef = 84EFDC582B6C16830086D86D /* LoginViewController.swift */; };
		84EFDC5B2B6C1AB70086D86D /* LoginView.swift in Sources */ = {isa = PBXBuildFile; fileRef = 84EFDC5A2B6C1AB70086D86D /* LoginView.swift */; };
/* End PBXBuildFile section */

/* Begin PBXFileReference section */
		8405C2462B97E43C00BEB84D /* Notifications.swift */ = {isa = PBXFileReference; lastKnownFileType = sourcecode.swift; path = Notifications.swift; sourceTree = "<group>"; };
		8405C24C2B97EA5200BEB84D /* GoogleService-Info.plist */ = {isa = PBXFileReference; fileEncoding = 4; lastKnownFileType = text.plist.xml; name = "GoogleService-Info.plist"; path = "../../../Downloads/GoogleService-Info.plist"; sourceTree = "<group>"; };
		8405C24E2BA508E600BEB84D /* LoginNetworkService.swift */ = {isa = PBXFileReference; lastKnownFileType = sourcecode.swift; path = LoginNetworkService.swift; sourceTree = "<group>"; };
		8405C2502BA508F700BEB84D /* RegisterNetworkService.swift */ = {isa = PBXFileReference; lastKnownFileType = sourcecode.swift; path = RegisterNetworkService.swift; sourceTree = "<group>"; };
		8405C2522BA6799900BEB84D /* ChatsTableViewCell.swift */ = {isa = PBXFileReference; lastKnownFileType = sourcecode.swift; path = ChatsTableViewCell.swift; sourceTree = "<group>"; };
		8405C2552BA67A9D00BEB84D /* ChatViewController.swift */ = {isa = PBXFileReference; lastKnownFileType = sourcecode.swift; path = ChatViewController.swift; sourceTree = "<group>"; };
		8405C2572BA67CE200BEB84D /* Chat.swift */ = {isa = PBXFileReference; lastKnownFileType = sourcecode.swift; path = Chat.swift; sourceTree = "<group>"; };
		847622692B7A14A70025526A /* Colors.swift */ = {isa = PBXFileReference; lastKnownFileType = sourcecode.swift; path = Colors.swift; sourceTree = "<group>"; };
		8476226C2B7A17DB0025526A /* RegisterViewController.swift */ = {isa = PBXFileReference; lastKnownFileType = sourcecode.swift; path = RegisterViewController.swift; sourceTree = "<group>"; };
		8476226E2B7A17F80025526A /* RegisterView.swift */ = {isa = PBXFileReference; lastKnownFileType = sourcecode.swift; path = RegisterView.swift; sourceTree = "<group>"; };
		84EFDC382B6C11230086D86D /* Messanger.app */ = {isa = PBXFileReference; explicitFileType = wrapper.application; includeInIndex = 0; path = Messanger.app; sourceTree = BUILT_PRODUCTS_DIR; };
		84EFDC3B2B6C11230086D86D /* AppDelegate.swift */ = {isa = PBXFileReference; lastKnownFileType = sourcecode.swift; path = AppDelegate.swift; sourceTree = "<group>"; };
		84EFDC3D2B6C11230086D86D /* SceneDelegate.swift */ = {isa = PBXFileReference; lastKnownFileType = sourcecode.swift; path = SceneDelegate.swift; sourceTree = "<group>"; };
		84EFDC442B6C11240086D86D /* Assets.xcassets */ = {isa = PBXFileReference; lastKnownFileType = folder.assetcatalog; path = Assets.xcassets; sourceTree = "<group>"; };
		84EFDC472B6C11240086D86D /* Base */ = {isa = PBXFileReference; lastKnownFileType = file.storyboard; name = Base; path = Base.lproj/LaunchScreen.storyboard; sourceTree = "<group>"; };
		84EFDC492B6C11240086D86D /* Info.plist */ = {isa = PBXFileReference; lastKnownFileType = text.plist.xml; path = Info.plist; sourceTree = "<group>"; };
		84EFDC4F2B6C13260086D86D /* ChatsListViewController.swift */ = {isa = PBXFileReference; lastKnownFileType = sourcecode.swift; path = ChatsListViewController.swift; sourceTree = "<group>"; };
		84EFDC532B6C14510086D86D /* ProfileViewController.swift */ = {isa = PBXFileReference; lastKnownFileType = sourcecode.swift; path = ProfileViewController.swift; sourceTree = "<group>"; };
		84EFDC552B6C148E0086D86D /* MainTabBarController.swift */ = {isa = PBXFileReference; lastKnownFileType = sourcecode.swift; path = MainTabBarController.swift; sourceTree = "<group>"; };
		84EFDC582B6C16830086D86D /* LoginViewController.swift */ = {isa = PBXFileReference; lastKnownFileType = sourcecode.swift; path = LoginViewController.swift; sourceTree = "<group>"; };
		84EFDC5A2B6C1AB70086D86D /* LoginView.swift */ = {isa = PBXFileReference; lastKnownFileType = sourcecode.swift; path = LoginView.swift; sourceTree = "<group>"; };
		8A777416949F2380D72A0826 /* Pods_Messanger.framework */ = {isa = PBXFileReference; explicitFileType = wrapper.framework; includeInIndex = 0; path = Pods_Messanger.framework; sourceTree = BUILT_PRODUCTS_DIR; };
		D53199D125D9D05E56D4B9B1 /* Pods-Messanger.debug.xcconfig */ = {isa = PBXFileReference; includeInIndex = 1; lastKnownFileType = text.xcconfig; name = "Pods-Messanger.debug.xcconfig"; path = "Target Support Files/Pods-Messanger/Pods-Messanger.debug.xcconfig"; sourceTree = "<group>"; };
		EF02822C140546DE4C53C684 /* Pods-Messanger.release.xcconfig */ = {isa = PBXFileReference; includeInIndex = 1; lastKnownFileType = text.xcconfig; name = "Pods-Messanger.release.xcconfig"; path = "Target Support Files/Pods-Messanger/Pods-Messanger.release.xcconfig"; sourceTree = "<group>"; };
/* End PBXFileReference section */

/* Begin PBXFrameworksBuildPhase section */
		84EFDC352B6C11230086D86D /* Frameworks */ = {
			isa = PBXFrameworksBuildPhase;
			buildActionMask = 2147483647;
			files = (
				6D3FE0CC5AC14EDD317F60F9 /* Pods_Messanger.framework in Frameworks */,
			);
			runOnlyForDeploymentPostprocessing = 0;
		};
/* End PBXFrameworksBuildPhase section */

/* Begin PBXGroup section */
		8405C2542BA67A8400BEB84D /* Chat */ = {
			isa = PBXGroup;
			children = (
				8405C2552BA67A9D00BEB84D /* ChatViewController.swift */,
			);
			path = Chat;
			sourceTree = "<group>";
		};
		8476226B2B7A17C40025526A /* Register */ = {
			isa = PBXGroup;
			children = (
				8476226C2B7A17DB0025526A /* RegisterViewController.swift */,
				8476226E2B7A17F80025526A /* RegisterView.swift */,
				8405C2502BA508F700BEB84D /* RegisterNetworkService.swift */,
			);
			path = Register;
			sourceTree = "<group>";
		};
		84EFDC2F2B6C11230086D86D = {
			isa = PBXGroup;
			children = (
				84EFDC3A2B6C11230086D86D /* Messanger */,
				84EFDC392B6C11230086D86D /* Products */,
				CE2D0E29945569DB232D34A2 /* Pods */,
				CFD1CB0D82FEEFA779B423D4 /* Frameworks */,
			);
			sourceTree = "<group>";
		};
		84EFDC392B6C11230086D86D /* Products */ = {
			isa = PBXGroup;
			children = (
				84EFDC382B6C11230086D86D /* Messanger.app */,
			);
			name = Products;
			sourceTree = "<group>";
		};
		84EFDC3A2B6C11230086D86D /* Messanger */ = {
			isa = PBXGroup;
			children = (
				8476226B2B7A17C40025526A /* Register */,
				84EFDC572B6C16750086D86D /* Login */,
				84EFDC522B6C143D0086D86D /* Profile */,
				84EFDC512B6C14300086D86D /* Chats */,
				84EFDC3D2B6C11230086D86D /* SceneDelegate.swift */,
				84EFDC442B6C11240086D86D /* Assets.xcassets */,
				847622692B7A14A70025526A /* Colors.swift */,
				84EFDC552B6C148E0086D86D /* MainTabBarController.swift */,
				84EFDC462B6C11240086D86D /* LaunchScreen.storyboard */,
				84EFDC492B6C11240086D86D /* Info.plist */,
				84EFDC3B2B6C11230086D86D /* AppDelegate.swift */,
				8405C2462B97E43C00BEB84D /* Notifications.swift */,
				8405C24C2B97EA5200BEB84D /* GoogleService-Info.plist */,
			);
			path = Messanger;
			sourceTree = "<group>";
		};
		84EFDC512B6C14300086D86D /* Chats */ = {
			isa = PBXGroup;
			children = (
				84EFDC4F2B6C13260086D86D /* ChatsListViewController.swift */,
				8405C2522BA6799900BEB84D /* ChatsTableViewCell.swift */,
				8405C2572BA67CE200BEB84D /* Chat.swift */,
				8405C2542BA67A8400BEB84D /* Chat */,
			);
			path = Chats;
			sourceTree = "<group>";
		};
		84EFDC522B6C143D0086D86D /* Profile */ = {
			isa = PBXGroup;
			children = (
				84EFDC532B6C14510086D86D /* ProfileViewController.swift */,
			);
			path = Profile;
			sourceTree = "<group>";
		};
		84EFDC572B6C16750086D86D /* Login */ = {
			isa = PBXGroup;
			children = (
				84EFDC582B6C16830086D86D /* LoginViewController.swift */,
				84EFDC5A2B6C1AB70086D86D /* LoginView.swift */,
				8405C24E2BA508E600BEB84D /* LoginNetworkService.swift */,
			);
			path = Login;
			sourceTree = "<group>";
		};
		CE2D0E29945569DB232D34A2 /* Pods */ = {
			isa = PBXGroup;
			children = (
				D53199D125D9D05E56D4B9B1 /* Pods-Messanger.debug.xcconfig */,
				EF02822C140546DE4C53C684 /* Pods-Messanger.release.xcconfig */,
			);
			path = Pods;
			sourceTree = "<group>";
		};
		CFD1CB0D82FEEFA779B423D4 /* Frameworks */ = {
			isa = PBXGroup;
			children = (
				8A777416949F2380D72A0826 /* Pods_Messanger.framework */,
			);
			name = Frameworks;
			sourceTree = "<group>";
		};
/* End PBXGroup section */

/* Begin PBXNativeTarget section */
		84EFDC372B6C11230086D86D /* Messanger */ = {
			isa = PBXNativeTarget;
			buildConfigurationList = 84EFDC4C2B6C11240086D86D /* Build configuration list for PBXNativeTarget "Messanger" */;
			buildPhases = (
				A77747B65B1DB1BEFA1937F3 /* [CP] Check Pods Manifest.lock */,
				84EFDC342B6C11230086D86D /* Sources */,
				84EFDC352B6C11230086D86D /* Frameworks */,
				84EFDC362B6C11230086D86D /* Resources */,
				65EE75784BBA07B9B832631B /* [CP] Embed Pods Frameworks */,
			);
			buildRules = (
			);
			dependencies = (
			);
			name = Messanger;
			productName = Messanger;
			productReference = 84EFDC382B6C11230086D86D /* Messanger.app */;
			productType = "com.apple.product-type.application";
		};
/* End PBXNativeTarget section */

/* Begin PBXProject section */
		84EFDC302B6C11230086D86D /* Project object */ = {
			isa = PBXProject;
			attributes = {
				BuildIndependentTargetsInParallel = 1;
				LastSwiftUpdateCheck = 1420;
				LastUpgradeCheck = 1420;
				TargetAttributes = {
					84EFDC372B6C11230086D86D = {
						CreatedOnToolsVersion = 14.2;
					};
				};
			};
			buildConfigurationList = 84EFDC332B6C11230086D86D /* Build configuration list for PBXProject "Messanger" */;
			compatibilityVersion = "Xcode 14.0";
			developmentRegion = en;
			hasScannedForEncodings = 0;
			knownRegions = (
				en,
				Base,
			);
			mainGroup = 84EFDC2F2B6C11230086D86D;
			productRefGroup = 84EFDC392B6C11230086D86D /* Products */;
			projectDirPath = "";
			projectRoot = "";
			targets = (
				84EFDC372B6C11230086D86D /* Messanger */,
			);
		};
/* End PBXProject section */

/* Begin PBXResourcesBuildPhase section */
		84EFDC362B6C11230086D86D /* Resources */ = {
			isa = PBXResourcesBuildPhase;
			buildActionMask = 2147483647;
			files = (
				84EFDC482B6C11240086D86D /* LaunchScreen.storyboard in Resources */,
				84EFDC452B6C11240086D86D /* Assets.xcassets in Resources */,
				8405C24D2B97EA5200BEB84D /* GoogleService-Info.plist in Resources */,
			);
			runOnlyForDeploymentPostprocessing = 0;
		};
/* End PBXResourcesBuildPhase section */

/* Begin PBXShellScriptBuildPhase section */
		65EE75784BBA07B9B832631B /* [CP] Embed Pods Frameworks */ = {
			isa = PBXShellScriptBuildPhase;
			buildActionMask = 2147483647;
			files = (
			);
			inputFileListPaths = (
				"${PODS_ROOT}/Target Support Files/Pods-Messanger/Pods-Messanger-frameworks-${CONFIGURATION}-input-files.xcfilelist",
			);
			name = "[CP] Embed Pods Frameworks";
			outputFileListPaths = (
				"${PODS_ROOT}/Target Support Files/Pods-Messanger/Pods-Messanger-frameworks-${CONFIGURATION}-output-files.xcfilelist",
			);
			runOnlyForDeploymentPostprocessing = 0;
			shellPath = /bin/sh;
			shellScript = "\"${PODS_ROOT}/Target Support Files/Pods-Messanger/Pods-Messanger-frameworks.sh\"\n";
			showEnvVarsInLog = 0;
		};
		A77747B65B1DB1BEFA1937F3 /* [CP] Check Pods Manifest.lock */ = {
			isa = PBXShellScriptBuildPhase;
			buildActionMask = 2147483647;
			files = (
			);
			inputFileListPaths = (
			);
			inputPaths = (
				"${PODS_PODFILE_DIR_PATH}/Podfile.lock",
				"${PODS_ROOT}/Manifest.lock",
			);
			name = "[CP] Check Pods Manifest.lock";
			outputFileListPaths = (
			);
			outputPaths = (
				"$(DERIVED_FILE_DIR)/Pods-Messanger-checkManifestLockResult.txt",
			);
			runOnlyForDeploymentPostprocessing = 0;
			shellPath = /bin/sh;
			shellScript = "diff \"${PODS_PODFILE_DIR_PATH}/Podfile.lock\" \"${PODS_ROOT}/Manifest.lock\" > /dev/null\nif [ $? != 0 ] ; then\n    # print error to STDERR\n    echo \"error: The sandbox is not in sync with the Podfile.lock. Run 'pod install' or update your CocoaPods installation.\" >&2\n    exit 1\nfi\n# This output is used by Xcode 'outputs' to avoid re-running this script phase.\necho \"SUCCESS\" > \"${SCRIPT_OUTPUT_FILE_0}\"\n";
			showEnvVarsInLog = 0;
		};
/* End PBXShellScriptBuildPhase section */

/* Begin PBXSourcesBuildPhase section */
		84EFDC342B6C11230086D86D /* Sources */ = {
			isa = PBXSourcesBuildPhase;
			buildActionMask = 2147483647;
			files = (
				8476226D2B7A17DB0025526A /* RegisterViewController.swift in Sources */,
				8476226F2B7A17F80025526A /* RegisterView.swift in Sources */,
				8405C2512BA508F700BEB84D /* RegisterNetworkService.swift in Sources */,
				8405C2472B97E43C00BEB84D /* Notifications.swift in Sources */,
				84EFDC592B6C16830086D86D /* LoginViewController.swift in Sources */,
				8405C2582BA67CE200BEB84D /* Chat.swift in Sources */,
				8476226A2B7A14A70025526A /* Colors.swift in Sources */,
				84EFDC5B2B6C1AB70086D86D /* LoginView.swift in Sources */,
				84EFDC502B6C13260086D86D /* ChatsListViewController.swift in Sources */,
				84EFDC3C2B6C11230086D86D /* AppDelegate.swift in Sources */,
				8405C24F2BA508E600BEB84D /* LoginNetworkService.swift in Sources */,
				84EFDC562B6C148E0086D86D /* MainTabBarController.swift in Sources */,
				84EFDC542B6C14510086D86D /* ProfileViewController.swift in Sources */,
				84EFDC3E2B6C11230086D86D /* SceneDelegate.swift in Sources */,
				8405C2562BA67A9D00BEB84D /* ChatViewController.swift in Sources */,
				8405C2532BA6799900BEB84D /* ChatsTableViewCell.swift in Sources */,
			);
			runOnlyForDeploymentPostprocessing = 0;
		};
/* End PBXSourcesBuildPhase section */

/* Begin PBXVariantGroup section */
		84EFDC462B6C11240086D86D /* LaunchScreen.storyboard */ = {
			isa = PBXVariantGroup;
			children = (
				84EFDC472B6C11240086D86D /* Base */,
			);
			name = LaunchScreen.storyboard;
			sourceTree = "<group>";
		};
/* End PBXVariantGroup section */

/* Begin XCBuildConfiguration section */
		84EFDC4A2B6C11240086D86D /* Debug */ = {
			isa = XCBuildConfiguration;
			buildSettings = {
				ALWAYS_SEARCH_USER_PATHS = NO;
				CLANG_ANALYZER_NONNULL = YES;
				CLANG_ANALYZER_NUMBER_OBJECT_CONVERSION = YES_AGGRESSIVE;
				CLANG_CXX_LANGUAGE_STANDARD = "gnu++20";
				CLANG_ENABLE_MODULES = YES;
				CLANG_ENABLE_OBJC_ARC = YES;
				CLANG_ENABLE_OBJC_WEAK = YES;
				CLANG_WARN_BLOCK_CAPTURE_AUTORELEASING = YES;
				CLANG_WARN_BOOL_CONVERSION = YES;
				CLANG_WARN_COMMA = YES;
				CLANG_WARN_CONSTANT_CONVERSION = YES;
				CLANG_WARN_DEPRECATED_OBJC_IMPLEMENTATIONS = YES;
				CLANG_WARN_DIRECT_OBJC_ISA_USAGE = YES_ERROR;
				CLANG_WARN_DOCUMENTATION_COMMENTS = YES;
				CLANG_WARN_EMPTY_BODY = YES;
				CLANG_WARN_ENUM_CONVERSION = YES;
				CLANG_WARN_INFINITE_RECURSION = YES;
				CLANG_WARN_INT_CONVERSION = YES;
				CLANG_WARN_NON_LITERAL_NULL_CONVERSION = YES;
				CLANG_WARN_OBJC_IMPLICIT_RETAIN_SELF = YES;
				CLANG_WARN_OBJC_LITERAL_CONVERSION = YES;
				CLANG_WARN_OBJC_ROOT_CLASS = YES_ERROR;
				CLANG_WARN_QUOTED_INCLUDE_IN_FRAMEWORK_HEADER = YES;
				CLANG_WARN_RANGE_LOOP_ANALYSIS = YES;
				CLANG_WARN_STRICT_PROTOTYPES = YES;
				CLANG_WARN_SUSPICIOUS_MOVE = YES;
				CLANG_WARN_UNGUARDED_AVAILABILITY = YES_AGGRESSIVE;
				CLANG_WARN_UNREACHABLE_CODE = YES;
				CLANG_WARN__DUPLICATE_METHOD_MATCH = YES;
				COPY_PHASE_STRIP = NO;
				DEBUG_INFORMATION_FORMAT = dwarf;
				ENABLE_STRICT_OBJC_MSGSEND = YES;
				ENABLE_TESTABILITY = YES;
				GCC_C_LANGUAGE_STANDARD = gnu11;
				GCC_DYNAMIC_NO_PIC = NO;
				GCC_NO_COMMON_BLOCKS = YES;
				GCC_OPTIMIZATION_LEVEL = 0;
				GCC_PREPROCESSOR_DEFINITIONS = (
					"DEBUG=1",
					"$(inherited)",
				);
				GCC_WARN_64_TO_32_BIT_CONVERSION = YES;
				GCC_WARN_ABOUT_RETURN_TYPE = YES_ERROR;
				GCC_WARN_UNDECLARED_SELECTOR = YES;
				GCC_WARN_UNINITIALIZED_AUTOS = YES_AGGRESSIVE;
				GCC_WARN_UNUSED_FUNCTION = YES;
				GCC_WARN_UNUSED_VARIABLE = YES;
				IPHONEOS_DEPLOYMENT_TARGET = 16.2;
				MTL_ENABLE_DEBUG_INFO = INCLUDE_SOURCE;
				MTL_FAST_MATH = YES;
				ONLY_ACTIVE_ARCH = YES;
				SDKROOT = iphoneos;
				SWIFT_ACTIVE_COMPILATION_CONDITIONS = DEBUG;
				SWIFT_OPTIMIZATION_LEVEL = "-Onone";
			};
			name = Debug;
		};
		84EFDC4B2B6C11240086D86D /* Release */ = {
			isa = XCBuildConfiguration;
			buildSettings = {
				ALWAYS_SEARCH_USER_PATHS = NO;
				CLANG_ANALYZER_NONNULL = YES;
				CLANG_ANALYZER_NUMBER_OBJECT_CONVERSION = YES_AGGRESSIVE;
				CLANG_CXX_LANGUAGE_STANDARD = "gnu++20";
				CLANG_ENABLE_MODULES = YES;
				CLANG_ENABLE_OBJC_ARC = YES;
				CLANG_ENABLE_OBJC_WEAK = YES;
				CLANG_WARN_BLOCK_CAPTURE_AUTORELEASING = YES;
				CLANG_WARN_BOOL_CONVERSION = YES;
				CLANG_WARN_COMMA = YES;
				CLANG_WARN_CONSTANT_CONVERSION = YES;
				CLANG_WARN_DEPRECATED_OBJC_IMPLEMENTATIONS = YES;
				CLANG_WARN_DIRECT_OBJC_ISA_USAGE = YES_ERROR;
				CLANG_WARN_DOCUMENTATION_COMMENTS = YES;
				CLANG_WARN_EMPTY_BODY = YES;
				CLANG_WARN_ENUM_CONVERSION = YES;
				CLANG_WARN_INFINITE_RECURSION = YES;
				CLANG_WARN_INT_CONVERSION = YES;
				CLANG_WARN_NON_LITERAL_NULL_CONVERSION = YES;
				CLANG_WARN_OBJC_IMPLICIT_RETAIN_SELF = YES;
				CLANG_WARN_OBJC_LITERAL_CONVERSION = YES;
				CLANG_WARN_OBJC_ROOT_CLASS = YES_ERROR;
				CLANG_WARN_QUOTED_INCLUDE_IN_FRAMEWORK_HEADER = YES;
				CLANG_WARN_RANGE_LOOP_ANALYSIS = YES;
				CLANG_WARN_STRICT_PROTOTYPES = YES;
				CLANG_WARN_SUSPICIOUS_MOVE = YES;
				CLANG_WARN_UNGUARDED_AVAILABILITY = YES_AGGRESSIVE;
				CLANG_WARN_UNREACHABLE_CODE = YES;
				CLANG_WARN__DUPLICATE_METHOD_MATCH = YES;
				COPY_PHASE_STRIP = NO;
				DEBUG_INFORMATION_FORMAT = "dwarf-with-dsym";
				ENABLE_NS_ASSERTIONS = NO;
				ENABLE_STRICT_OBJC_MSGSEND = YES;
				GCC_C_LANGUAGE_STANDARD = gnu11;
				GCC_NO_COMMON_BLOCKS = YES;
				GCC_WARN_64_TO_32_BIT_CONVERSION = YES;
				GCC_WARN_ABOUT_RETURN_TYPE = YES_ERROR;
				GCC_WARN_UNDECLARED_SELECTOR = YES;
				GCC_WARN_UNINITIALIZED_AUTOS = YES_AGGRESSIVE;
				GCC_WARN_UNUSED_FUNCTION = YES;
				GCC_WARN_UNUSED_VARIABLE = YES;
				IPHONEOS_DEPLOYMENT_TARGET = 16.2;
				MTL_ENABLE_DEBUG_INFO = NO;
				MTL_FAST_MATH = YES;
				SDKROOT = iphoneos;
				SWIFT_COMPILATION_MODE = wholemodule;
				SWIFT_OPTIMIZATION_LEVEL = "-O";
				VALIDATE_PRODUCT = YES;
			};
			name = Release;
		};
		84EFDC4D2B6C11240086D86D /* Debug */ = {
			isa = XCBuildConfiguration;
			baseConfigurationReference = D53199D125D9D05E56D4B9B1 /* Pods-Messanger.debug.xcconfig */;
			buildSettings = {
				ASSETCATALOG_COMPILER_APPICON_NAME = AppIcon;
				ASSETCATALOG_COMPILER_GLOBAL_ACCENT_COLOR_NAME = AccentColor;
				CODE_SIGN_STYLE = Automatic;
				CURRENT_PROJECT_VERSION = 1;
				DEVELOPMENT_TEAM = 86HNWWS6QQ;
				GENERATE_INFOPLIST_FILE = YES;
				INFOPLIST_FILE = Messanger/Info.plist;
				INFOPLIST_KEY_UIApplicationSupportsIndirectInputEvents = YES;
				INFOPLIST_KEY_UILaunchStoryboardName = LaunchScreen;
				INFOPLIST_KEY_UIMainStoryboardFile = "";
				INFOPLIST_KEY_UISupportedInterfaceOrientations_iPad = "UIInterfaceOrientationPortrait UIInterfaceOrientationPortraitUpsideDown UIInterfaceOrientationLandscapeLeft UIInterfaceOrientationLandscapeRight";
				INFOPLIST_KEY_UISupportedInterfaceOrientations_iPhone = "UIInterfaceOrientationPortrait UIInterfaceOrientationLandscapeLeft UIInterfaceOrientationLandscapeRight";
				LD_RUNPATH_SEARCH_PATHS = (
					"$(inherited)",
					"@executable_path/Frameworks",
				);
				MARKETING_VERSION = 1.0;
				PRODUCT_BUNDLE_IDENTIFIER = ya.Messanger;
				PRODUCT_NAME = "$(TARGET_NAME)";
				SUPPORTED_PLATFORMS = "iphoneos iphonesimulator";
				SUPPORTS_MACCATALYST = NO;
				SUPPORTS_MAC_DESIGNED_FOR_IPHONE_IPAD = NO;
				SWIFT_EMIT_LOC_STRINGS = YES;
				SWIFT_VERSION = 5.0;
				TARGETED_DEVICE_FAMILY = 1;
			};
			name = Debug;
		};
		84EFDC4E2B6C11240086D86D /* Release */ = {
			isa = XCBuildConfiguration;
			baseConfigurationReference = EF02822C140546DE4C53C684 /* Pods-Messanger.release.xcconfig */;
			buildSettings = {
				ASSETCATALOG_COMPILER_APPICON_NAME = AppIcon;
				ASSETCATALOG_COMPILER_GLOBAL_ACCENT_COLOR_NAME = AccentColor;
				CODE_SIGN_STYLE = Automatic;
				CURRENT_PROJECT_VERSION = 1;
				DEVELOPMENT_TEAM = 86HNWWS6QQ;
				GENERATE_INFOPLIST_FILE = YES;
				INFOPLIST_FILE = Messanger/Info.plist;
				INFOPLIST_KEY_UIApplicationSupportsIndirectInputEvents = YES;
				INFOPLIST_KEY_UILaunchStoryboardName = LaunchScreen;
				INFOPLIST_KEY_UIMainStoryboardFile = "";
				INFOPLIST_KEY_UISupportedInterfaceOrientations_iPad = "UIInterfaceOrientationPortrait UIInterfaceOrientationPortraitUpsideDown UIInterfaceOrientationLandscapeLeft UIInterfaceOrientationLandscapeRight";
				INFOPLIST_KEY_UISupportedInterfaceOrientations_iPhone = "UIInterfaceOrientationPortrait UIInterfaceOrientationLandscapeLeft UIInterfaceOrientationLandscapeRight";
				LD_RUNPATH_SEARCH_PATHS = (
					"$(inherited)",
					"@executable_path/Frameworks",
				);
				MARKETING_VERSION = 1.0;
				PRODUCT_BUNDLE_IDENTIFIER = ya.Messanger;
				PRODUCT_NAME = "$(TARGET_NAME)";
				SUPPORTED_PLATFORMS = "iphoneos iphonesimulator";
				SUPPORTS_MACCATALYST = NO;
				SUPPORTS_MAC_DESIGNED_FOR_IPHONE_IPAD = NO;
				SWIFT_EMIT_LOC_STRINGS = YES;
				SWIFT_VERSION = 5.0;
				TARGETED_DEVICE_FAMILY = 1;
			};
			name = Release;
		};
/* End XCBuildConfiguration section */

/* Begin XCConfigurationList section */
		84EFDC332B6C11230086D86D /* Build configuration list for PBXProject "Messanger" */ = {
			isa = XCConfigurationList;
			buildConfigurations = (
				84EFDC4A2B6C11240086D86D /* Debug */,
				84EFDC4B2B6C11240086D86D /* Release */,
			);
			defaultConfigurationIsVisible = 0;
			defaultConfigurationName = Release;
		};
		84EFDC4C2B6C11240086D86D /* Build configuration list for PBXNativeTarget "Messanger" */ = {
			isa = XCConfigurationList;
			buildConfigurations = (
				84EFDC4D2B6C11240086D86D /* Debug */,
				84EFDC4E2B6C11240086D86D /* Release */,
			);
			defaultConfigurationIsVisible = 0;
			defaultConfigurationName = Release;
		};
/* End XCConfigurationList section */
	};
	rootObject = 84EFDC302B6C11230086D86D /* Project object */;
}
